{
  "version": 4,
  "terraform_version": "0.12.8",
  "serial": 26,
  "lineage": "3c567d0a-e65d-ece8-36ef-89c0f823aeb1",
  "outputs": {
    "deploy_api_geteway_url": {
      "value": "https://p9vb3r4ja4.execute-api.eu-central-1.amazonaws.com/demo/demo",
      "type": "string"
    }
  },
  "resources": [
    {
      "mode": "data",
      "type": "aws_caller_identity",
      "name": "current",
      "provider": "provider.aws",
      "instances": [
        {
          "schema_version": 0,
          "attributes": {
            "account_id": "653274977044",
            "arn": "arn:aws:iam::653274977044:user/korotia_illia",
            "id": "2020-04-01 15:00:14.224735 +0000 UTC",
            "user_id": "AIDAZQGRZCMKLYQ2G4QDM"
          }
        }
      ]
    },
    {
      "mode": "data",
      "type": "aws_region",
      "name": "current",
      "provider": "provider.aws",
      "instances": [
        {
          "schema_version": 0,
          "attributes": {
            "current": null,
            "description": "EU (Frankfurt)",
            "endpoint": "ec2.eu-central-1.amazonaws.com",
            "id": "eu-central-1",
            "name": "eu-central-1"
          }
        }
      ]
    },
    {
      "mode": "managed",
      "type": "aws_api_gateway_deployment",
      "name": "deploy_api_gateway",
      "provider": "provider.aws",
      "instances": [
        {
          "schema_version": 0,
          "attributes": {
            "created_date": "2020-04-01T14:34:51Z",
            "description": "",
            "execution_arn": "arn:aws:execute-api:eu-central-1:653274977044:p9vb3r4ja4/demo",
            "id": "w8p4wc",
            "invoke_url": "https://p9vb3r4ja4.execute-api.eu-central-1.amazonaws.com/demo",
            "rest_api_id": "p9vb3r4ja4",
            "stage_description": null,
            "stage_name": "demo",
            "variables": null
          },
          "private": "bnVsbA==",
          "depends_on": [
            "aws_api_gateway_integration.integration",
            "aws_api_gateway_rest_api.api_gateway_for_lambda"
          ]
        }
      ]
    },
    {
      "mode": "managed",
      "type": "aws_api_gateway_integration",
      "name": "integration",
      "provider": "provider.aws",
      "instances": [
        {
          "schema_version": 0,
          "attributes": {
            "cache_key_parameters": [],
            "cache_namespace": "t4cla4",
            "connection_id": "",
            "connection_type": "INTERNET",
            "content_handling": "",
            "credentials": "",
            "http_method": "POST",
            "id": "agi-p9vb3r4ja4-t4cla4-POST",
            "integration_http_method": "POST",
            "passthrough_behavior": "WHEN_NO_MATCH",
            "request_parameters": {},
            "request_parameters_in_json": null,
            "request_templates": {},
            "resource_id": "t4cla4",
            "rest_api_id": "p9vb3r4ja4",
            "timeout_milliseconds": 29000,
            "type": "AWS_PROXY",
            "uri": "arn:aws:apigateway:eu-central-1:lambda:path/2015-03-31/functions/arn:aws:lambda:eu-central-1:653274977044:function:prometheus_lambda/invocations"
          },
          "private": "bnVsbA==",
          "depends_on": [
            "aws_api_gateway_method.api_method_for_api_resource",
            "aws_api_gateway_resource.api_resource_for_api_gateway",
            "aws_api_gateway_rest_api.api_gateway_for_lambda",
            "aws_lambda_function.prometheus_lambda"
          ]
        }
      ]
    },
    {
      "mode": "managed",
      "type": "aws_api_gateway_method",
      "name": "api_method_for_api_resource",
      "provider": "provider.aws",
      "instances": [
        {
          "schema_version": 0,
          "attributes": {
            "api_key_required": false,
            "authorization": "NONE",
            "authorization_scopes": [],
            "authorizer_id": "",
            "http_method": "POST",
            "id": "agm-p9vb3r4ja4-t4cla4-POST",
            "request_models": {},
            "request_parameters": {},
            "request_parameters_in_json": null,
            "request_validator_id": "",
            "resource_id": "t4cla4",
            "rest_api_id": "p9vb3r4ja4"
          },
          "private": "bnVsbA==",
          "depends_on": [
            "aws_api_gateway_resource.api_resource_for_api_gateway",
            "aws_api_gateway_rest_api.api_gateway_for_lambda"
          ]
        }
      ]
    },
    {
      "mode": "managed",
      "type": "aws_api_gateway_resource",
      "name": "api_resource_for_api_gateway",
      "provider": "provider.aws",
      "instances": [
        {
          "schema_version": 0,
          "attributes": {
            "id": "t4cla4",
            "parent_id": "bz40w3naeb",
            "path": "/demo",
            "path_part": "",
            "rest_api_id": "p9vb3r4ja4"
          },
          "private": "bnVsbA==",
          "depends_on": [
            "aws_api_gateway_rest_api.api_gateway_for_lambda"
          ]
        }
      ]
    },
    {
      "mode": "managed",
      "type": "aws_api_gateway_rest_api",
      "name": "api_gateway_for_lambda",
      "provider": "provider.aws",
      "instances": [
        {
          "schema_version": 0,
          "attributes": {
            "api_key_source": "HEADER",
            "arn": "arn:aws:apigateway:eu-central-1::/restapis/p9vb3r4ja4",
            "binary_media_types": [],
            "body": null,
            "created_date": "2020-04-01T13:06:03Z",
            "description": "",
            "endpoint_configuration": [
              {
                "types": [
                  "REGIONAL"
                ],
                "vpc_endpoint_ids": []
              }
            ],
            "execution_arn": "arn:aws:execute-api:eu-central-1:653274977044:p9vb3r4ja4",
            "id": "p9vb3r4ja4",
            "minimum_compression_size": -1,
            "name": "api_for_prometheus_lambda",
            "policy": "",
            "root_resource_id": "bz40w3naeb",
            "tags": {}
          },
          "private": "bnVsbA=="
        }
      ]
    },
    {
      "mode": "managed",
      "type": "aws_cloudwatch_log_group",
      "name": "lambda_log_group",
      "provider": "provider.aws",
      "instances": [
        {
          "schema_version": 0,
          "attributes": {
            "arn": "arn:aws:logs:eu-central-1:653274977044:log-group:/aws/lambda/prometheus:*",
            "id": "/aws/lambda/prometheus",
            "kms_key_id": "",
            "name": "/aws/lambda/prometheus",
            "name_prefix": null,
            "retention_in_days": 14,
            "tags": {}
          },
          "private": "bnVsbA=="
        }
      ]
    },
    {
      "mode": "managed",
      "type": "aws_iam_policy",
      "name": "lambda_logging",
      "provider": "provider.aws",
      "instances": [
        {
          "schema_version": 0,
          "attributes": {
            "arn": "arn:aws:iam::653274977044:policy/lambda_logging",
            "description": "IAM policy for logging from a lambda",
            "id": "arn:aws:iam::653274977044:policy/lambda_logging",
            "name": "lambda_logging",
            "name_prefix": null,
            "path": "/",
            "policy": "{\n  \"Version\": \"2012-10-17\",\n  \"Statement\": [\n    {\n      \"Action\": [\n        \"logs:CreateLogGroup\",\n        \"logs:CreateLogStream\",\n        \"logs:PutLogEvents\"\n      ],\n      \"Resource\": \"arn:aws:logs:*:*:*\",\n      \"Effect\": \"Allow\"\n    }\n  ]\n}\n"
          },
          "private": "bnVsbA=="
        }
      ]
    },
    {
      "mode": "managed",
      "type": "aws_iam_role",
      "name": "iam_for_lambda",
      "provider": "provider.aws",
      "instances": [
        {
          "schema_version": 0,
          "attributes": {
            "arn": "arn:aws:iam::653274977044:role/iam_for_lambda",
            "assume_role_policy": "{\"Version\":\"2012-10-17\",\"Statement\":[{\"Sid\":\"\",\"Effect\":\"Allow\",\"Principal\":{\"Service\":\"lambda.amazonaws.com\"},\"Action\":\"sts:AssumeRole\"}]}",
            "create_date": "2020-04-01T12:21:28Z",
            "description": "",
            "force_detach_policies": false,
            "id": "iam_for_lambda",
            "max_session_duration": 3600,
            "name": "iam_for_lambda",
            "name_prefix": null,
            "path": "/",
            "permissions_boundary": null,
            "tags": {},
            "unique_id": "AROAZQGRZCMKI527OVJ62"
          },
          "private": "bnVsbA=="
        }
      ]
    },
    {
      "mode": "managed",
      "type": "aws_iam_role_policy_attachment",
      "name": "lambda_logs",
      "provider": "provider.aws",
      "instances": [
        {
          "schema_version": 0,
          "attributes": {
            "id": "iam_for_lambda-20200401133251473300000001",
            "policy_arn": "arn:aws:iam::653274977044:policy/lambda_logging",
            "role": "iam_for_lambda"
          },
          "private": "bnVsbA==",
          "depends_on": [
            "aws_iam_policy.lambda_logging",
            "aws_iam_role.iam_for_lambda"
          ]
        }
      ]
    },
    {
      "mode": "managed",
      "type": "aws_lambda_function",
      "name": "prometheus_lambda",
      "provider": "provider.aws",
      "instances": [
        {
          "schema_version": 0,
          "attributes": {
            "arn": "arn:aws:lambda:eu-central-1:653274977044:function:prometheus_lambda",
            "dead_letter_config": [],
            "description": "",
            "environment": [
              {
                "variables": {
                  "PROMETHEUS_LOGIN": "blameless_grafana",
                  "PROMETHEUS_PASSWORD": "ohx0vahK4Zae4mi",
                  "PROMETHEUS_URL": "https://prometheus.staging-multitenant.us-central1.blameless.io/api/v1/query_range",
                  "RESTO_AUTH_TOKEN": "eyJhbGciOiJSUzI1NiIsInR5cCI6IkpXVCIsImtpZCI6Ik1qUTNSREEzT0RBNE5USTVNVVZEUWpKQ09ETkZNREEyTWpJM04wVTROakJCUlRsQ01rRTRNdyJ9.eyJpc3MiOiJodHRwczovL2JsYW1lbGVzc2Rldi5hdXRoMC5jb20vIiwic3ViIjoiYXV0aDB8NWUwYTFkM2Y2MDhjMWEwZTc3YjZmMzBkIiwiYXVkIjpbImVwaGVtZXJhbC5ibGFtZWxlc3MuaW8iLCJodHRwczovL2JsYW1lbGVzc2Rldi5hdXRoMC5jb20vdXNlcmluZm8iXSwiaWF0IjoxNTg1Njg5MzYzLCJleHAiOjE1ODU2OTY1NjMsImF6cCI6IjhEcUdONGpJVzB1bjE0RXowWXZWdmNQYW52eDdOcHNSIiwic2NvcGUiOiJvcGVuaWQgcHJvZmlsZSBlbWFpbCJ9.L111K4r_hChZRzZp7NuAoDLNiXmrlQv2EDzkLs2g1InikMzMBHJVfXSrDpqrsrUmNcyTv2RYds2rx5JApgqikohmgNUuik10puhc1HXoCUNHiDy_Nlvl0B7wfc19zC6xnvnf0oFWqcrzd6qxZNPj5CpfxJ71Nhq48U4ZoPLm4513LN_CS2samH0IXYI86iun7IZr94CvTnKGCKgzhiLNRSd0o8LCgMvMU2eYYxDJXXeySRyCN3sZMQ2ua1ykz1qkegB0f1NfF_HBVNODb4dhB7noUqtGVtyh-ztA9EjP3mE8MSFlpSy1F10hPfAQgtE3xl7r86V8SkiCtYARKh3DlA",
                  "RESTO_URL": "https://slo-develop.ephemeral.blameless.io/api/v1/services/SLOServiceCrud/CreateRawData"
                }
              }
            ],
            "filename": "function.zip",
            "function_name": "prometheus_lambda",
            "handler": "lambda",
            "id": "prometheus_lambda",
            "invoke_arn": "arn:aws:apigateway:eu-central-1:lambda:path/2015-03-31/functions/arn:aws:lambda:eu-central-1:653274977044:function:prometheus_lambda/invocations",
            "kms_key_arn": "",
            "last_modified": "2020-04-01T14:58:06.097+0000",
            "layers": [],
            "memory_size": 128,
            "publish": false,
            "qualified_arn": "arn:aws:lambda:eu-central-1:653274977044:function:prometheus_lambda:$LATEST",
            "reserved_concurrent_executions": -1,
            "role": "arn:aws:iam::653274977044:role/iam_for_lambda",
            "runtime": "go1.x",
            "s3_bucket": null,
            "s3_key": null,
            "s3_object_version": null,
            "source_code_hash": "d9wKaszqBzgd0qK9C14ghTzGt7hnZGh+b3XQkFBIL78=",
            "source_code_size": 5154300,
            "tags": {},
            "timeout": 3,
            "timeouts": null,
            "tracing_config": [
              {
                "mode": "PassThrough"
              }
            ],
            "version": "$LATEST",
            "vpc_config": []
          },
          "private": "eyJlMmJmYjczMC1lY2FhLTExZTYtOGY4OC0zNDM2M2JjN2M0YzAiOnsiY3JlYXRlIjo2MDAwMDAwMDAwMDB9fQ==",
          "depends_on": [
            "aws_cloudwatch_log_group.lambda_log_group",
            "aws_iam_role.iam_for_lambda",
            "aws_iam_role_policy_attachment.lambda_logs"
          ]
        }
      ]
    },
    {
      "mode": "managed",
      "type": "aws_lambda_permission",
      "name": "apigw_lambda",
      "provider": "provider.aws",
      "instances": [
        {
          "schema_version": 0,
          "attributes": {
            "action": "lambda:InvokeFunction",
            "event_source_token": null,
            "function_name": "prometheus_lambda",
            "id": "AllowExecutionFromAPIGateway",
            "principal": "apigateway.amazonaws.com",
            "qualifier": "",
            "source_account": null,
            "source_arn": "arn:aws:execute-api:eu-central-1:653274977044:p9vb3r4ja4/*/POST/demo",
            "statement_id": "AllowExecutionFromAPIGateway",
            "statement_id_prefix": null
          },
          "private": "bnVsbA==",
          "depends_on": [
            "aws_api_gateway_method.api_method_for_api_resource",
            "aws_api_gateway_resource.api_resource_for_api_gateway",
            "aws_api_gateway_rest_api.api_gateway_for_lambda",
            "aws_lambda_function.prometheus_lambda",
            "data.aws_caller_identity.current",
            "data.aws_region.current"
          ]
        }
      ]
    }
  ]
}
